
Microsoft Visual Studio Solution File, Format Version 12.00
# Visual Studio Version 17
VisualStudioVersion = 17.8.34525.116
MinimumVisualStudioVersion = 10.0.40219.1
Project("{FAE04EC0-301F-11D3-BF4B-00C04F79EFBC}") = "APIContactList.Server", "APIContactList.Server\APIContactList.Server.csproj", "{8C023136-7EF4-4608-AAC2-2AFBC7271F00}"
EndProject
Project("{54A90642-561A-4BB1-A94E-469ADEE60C69}") = "apicontactlist.client", "apicontactlist.client\apicontactlist.client.esproj", "{5BA2E75C-BDD4-4B95-84C6-6BBE7335BA69}"
EndProject
Global
	GlobalSection(SolutionConfigurationPlatforms) = preSolution
		Debug|Any CPU = Debug|Any CPU
		Release|Any CPU = Release|Any CPU
	EndGlobalSection
	GlobalSection(ProjectConfigurationPlatforms) = postSolution
		{8C023136-7EF4-4608-AAC2-2AFBC7271F00}.Debug|Any CPU.ActiveCfg = Debug|Any CPU
		{8C023136-7EF4-4608-AAC2-2AFBC7271F00}.Debug|Any CPU.Build.0 = Debug|Any CPU
		{8C023136-7EF4-4608-AAC2-2AFBC7271F00}.Release|Any CPU.ActiveCfg = Release|Any CPU
		{8C023136-7EF4-4608-AAC2-2AFBC7271F00}.Release|Any CPU.Build.0 = Release|Any CPU
		{5BA2E75C-BDD4-4B95-84C6-6BBE7335BA69}.Debug|Any CPU.ActiveCfg = Debug|Any CPU
		{5BA2E75C-BDD4-4B95-84C6-6BBE7335BA69}.Debug|Any CPU.Build.0 = Debug|Any CPU
		{5BA2E75C-BDD4-4B95-84C6-6BBE7335BA69}.Debug|Any CPU.Deploy.0 = Debug|Any CPU
		{5BA2E75C-BDD4-4B95-84C6-6BBE7335BA69}.Release|Any CPU.ActiveCfg = Release|Any CPU
		{5BA2E75C-BDD4-4B95-84C6-6BBE7335BA69}.Release|Any CPU.Build.0 = Release|Any CPU
		{5BA2E75C-BDD4-4B95-84C6-6BBE7335BA69}.Release|Any CPU.Deploy.0 = Release|Any CPU
	EndGlobalSection
	GlobalSection(SolutionProperties) = preSolution
		HideSolutionNode = FALSE
	EndGlobalSection
	GlobalSection(ExtensibilityGlobals) = postSolution
		SolutionGuid = {F7ACB0A6-7188-4E37-AAB9-6ED725A4B2F1}
	EndGlobalSection
EndGlobal
